
Microsoft Visual Studio Solution File, Format Version 12.00
# Visual Studio Version 17
VisualStudioVersion = 17.14.36603.0 d17.14
MinimumVisualStudioVersion = 10.0.40219.1
Project("{FAE04EC0-301F-11D3-BF4B-00C04F79EFBC}") = "SecretSantaSorter", "SecretSantaSorter.csproj", "{B0A48F2C-1281-4BB9-901F-267066F93A92}"
EndProject
Global
	GlobalSection(SolutionConfigurationPlatforms) = preSolution
		Debug|Any CPU = Debug|Any CPU
		Release|Any CPU = Release|Any CPU
	EndGlobalSection
	GlobalSection(ProjectConfigurationPlatforms) = postSolution
		{B0A48F2C-1281-4BB9-901F-267066F93A92}.Debug|Any CPU.ActiveCfg = Debug|Any CPU
		{B0A48F2C-1281-4BB9-901F-267066F93A92}.Debug|Any CPU.Build.0 = Debug|Any CPU
		{B0A48F2C-1281-4BB9-901F-267066F93A92}.Release|Any CPU.ActiveCfg = Release|Any CPU
		{B0A48F2C-1281-4BB9-901F-267066F93A92}.Release|Any CPU.Build.0 = Release|Any CPU
	EndGlobalSection
	GlobalSection(SolutionProperties) = preSolution
		HideSolutionNode = FALSE
	EndGlobalSection
	GlobalSection(ExtensibilityGlobals) = postSolution
		SolutionGuid = {42C3CF85-0CA8-4E41-A36B-834ECBCF9C3E}
	EndGlobalSection
EndGlobal
